
Microsoft Visual Studio Solution File, Format Version 12.00
# Visual Studio Version 16
VisualStudioVersion = 16.0.30621.155
MinimumVisualStudioVersion = 10.0.40219.1
Project("{9A19103F-16F7-4668-BE54-9A1E7A4F7556}") = "TestApi", "TestApi\TestApi.csproj", "{BC7FB22A-6193-4074-B820-C47ED46301C6}"
EndProject
Project("{2150E333-8FDC-42A3-9474-1A3956D46DE8}") = "Data", "Data", "{ED2F8EAE-AAF9-40DD-BE20-5006B006EBE1}"
EndProject
Project("{2150E333-8FDC-42A3-9474-1A3956D46DE8}") = "Logic", "Logic", "{560AE397-CD62-4A7B-B3AB-9D160AF5C2E3}"
EndProject
Project("{2150E333-8FDC-42A3-9474-1A3956D46DE8}") = "Presentation", "Presentation", "{760C670F-4160-4FF0-8F71-49524CAA23A9}"
EndProject
Project("{9A19103F-16F7-4668-BE54-9A1E7A4F7556}") = "TestApi.Data", "TestApi.Data\TestApi.Data.csproj", "{9DB832BD-51DC-494C-9BE9-A8A33D3EE794}"
EndProject
Project("{9A19103F-16F7-4668-BE54-9A1E7A4F7556}") = "TestApi.Data.Models", "TestApi.Data.Models\TestApi.Data.Models.csproj", "{30151EAE-616C-4E28-94DD-F7EFF06D5F56}"
EndProject
Project("{FAE04EC0-301F-11D3-BF4B-00C04F79EFBC}") = "TestApi.Logic", "TestApi.Logic\TestApi.Logic.csproj", "{5E74FAFD-BA39-4944-A772-E0355C260AEF}"
EndProject
Project("{FAE04EC0-301F-11D3-BF4B-00C04F79EFBC}") = "TestApi.Domain", "TestApi.Domain\TestApi.Domain.csproj", "{A15FC0B5-AB00-4596-8AC7-28E752245763}"
EndProject
Project("{2150E333-8FDC-42A3-9474-1A3956D46DE8}") = "Tests", "Tests", "{5250EDEB-63BB-4E7A-AD0A-D8286A19EAC9}"
EndProject
Project("{FAE04EC0-301F-11D3-BF4B-00C04F79EFBC}") = "TestApi.Api.Tests", "TestApi.Api.Tests\TestApi.Api.Tests.csproj", "{A735003C-834C-40B7-A300-EF9244C958F0}"
EndProject
Global
	GlobalSection(SolutionConfigurationPlatforms) = preSolution
		Debug|Any CPU = Debug|Any CPU
		Release|Any CPU = Release|Any CPU
	EndGlobalSection
	GlobalSection(ProjectConfigurationPlatforms) = postSolution
		{BC7FB22A-6193-4074-B820-C47ED46301C6}.Debug|Any CPU.ActiveCfg = Debug|Any CPU
		{BC7FB22A-6193-4074-B820-C47ED46301C6}.Debug|Any CPU.Build.0 = Debug|Any CPU
		{BC7FB22A-6193-4074-B820-C47ED46301C6}.Release|Any CPU.ActiveCfg = Release|Any CPU
		{BC7FB22A-6193-4074-B820-C47ED46301C6}.Release|Any CPU.Build.0 = Release|Any CPU
		{9DB832BD-51DC-494C-9BE9-A8A33D3EE794}.Debug|Any CPU.ActiveCfg = Debug|Any CPU
		{9DB832BD-51DC-494C-9BE9-A8A33D3EE794}.Debug|Any CPU.Build.0 = Debug|Any CPU
		{9DB832BD-51DC-494C-9BE9-A8A33D3EE794}.Release|Any CPU.ActiveCfg = Release|Any CPU
		{9DB832BD-51DC-494C-9BE9-A8A33D3EE794}.Release|Any CPU.Build.0 = Release|Any CPU
		{30151EAE-616C-4E28-94DD-F7EFF06D5F56}.Debug|Any CPU.ActiveCfg = Debug|Any CPU
		{30151EAE-616C-4E28-94DD-F7EFF06D5F56}.Debug|Any CPU.Build.0 = Debug|Any CPU
		{30151EAE-616C-4E28-94DD-F7EFF06D5F56}.Release|Any CPU.ActiveCfg = Release|Any CPU
		{30151EAE-616C-4E28-94DD-F7EFF06D5F56}.Release|Any CPU.Build.0 = Release|Any CPU
		{5E74FAFD-BA39-4944-A772-E0355C260AEF}.Debug|Any CPU.ActiveCfg = Debug|Any CPU
		{5E74FAFD-BA39-4944-A772-E0355C260AEF}.Debug|Any CPU.Build.0 = Debug|Any CPU
		{5E74FAFD-BA39-4944-A772-E0355C260AEF}.Release|Any CPU.ActiveCfg = Release|Any CPU
		{5E74FAFD-BA39-4944-A772-E0355C260AEF}.Release|Any CPU.Build.0 = Release|Any CPU
		{A15FC0B5-AB00-4596-8AC7-28E752245763}.Debug|Any CPU.ActiveCfg = Debug|Any CPU
		{A15FC0B5-AB00-4596-8AC7-28E752245763}.Debug|Any CPU.Build.0 = Debug|Any CPU
		{A15FC0B5-AB00-4596-8AC7-28E752245763}.Release|Any CPU.ActiveCfg = Release|Any CPU
		{A15FC0B5-AB00-4596-8AC7-28E752245763}.Release|Any CPU.Build.0 = Release|Any CPU
		{A735003C-834C-40B7-A300-EF9244C958F0}.Debug|Any CPU.ActiveCfg = Debug|Any CPU
		{A735003C-834C-40B7-A300-EF9244C958F0}.Debug|Any CPU.Build.0 = Debug|Any CPU
		{A735003C-834C-40B7-A300-EF9244C958F0}.Release|Any CPU.ActiveCfg = Release|Any CPU
		{A735003C-834C-40B7-A300-EF9244C958F0}.Release|Any CPU.Build.0 = Release|Any CPU
	EndGlobalSection
	GlobalSection(SolutionProperties) = preSolution
		HideSolutionNode = FALSE
	EndGlobalSection
	GlobalSection(NestedProjects) = preSolution
		{BC7FB22A-6193-4074-B820-C47ED46301C6} = {760C670F-4160-4FF0-8F71-49524CAA23A9}
		{9DB832BD-51DC-494C-9BE9-A8A33D3EE794} = {ED2F8EAE-AAF9-40DD-BE20-5006B006EBE1}
		{30151EAE-616C-4E28-94DD-F7EFF06D5F56} = {ED2F8EAE-AAF9-40DD-BE20-5006B006EBE1}
		{5E74FAFD-BA39-4944-A772-E0355C260AEF} = {560AE397-CD62-4A7B-B3AB-9D160AF5C2E3}
		{A15FC0B5-AB00-4596-8AC7-28E752245763} = {560AE397-CD62-4A7B-B3AB-9D160AF5C2E3}
		{A735003C-834C-40B7-A300-EF9244C958F0} = {5250EDEB-63BB-4E7A-AD0A-D8286A19EAC9}
	EndGlobalSection
	GlobalSection(ExtensibilityGlobals) = postSolution
		SolutionGuid = {AD9A6410-B911-44BF-AE75-BFD10934E43B}
	EndGlobalSection
EndGlobal
